
Microsoft Visual Studio Solution File, Format Version 12.00
# Visual Studio 14
VisualStudioVersion = 14.0.24720.0
MinimumVisualStudioVersion = 10.0.40219.1
Project("{FAE04EC0-301F-11D3-BF4B-00C04F79EFBC}") = "App1.Droid", "App1\App1.Droid\App1.Droid.csproj", "{46752E4C-340C-4F33-873F-F2E7102B92F2}"
EndProject
Project("{FAE04EC0-301F-11D3-BF4B-00C04F79EFBC}") = "App1.iOS", "App1\App1.iOS\App1.iOS.csproj", "{4DDCC040-3D9F-48CB-B26F-88730F51D51D}"
EndProject
Project("{FAE04EC0-301F-11D3-BF4B-00C04F79EFBC}") = "App1.WinPhone", "App1\App1.WinPhone\App1.WinPhone.csproj", "{DB333837-4379-4238-A859-B2F409F42DAA}"
EndProject
Project("{FAE04EC0-301F-11D3-BF4B-00C04F79EFBC}") = "App1", "App1\App1\App1.csproj", "{EDD0A952-AD79-41BB-A06F-1AB3FF025631}"
EndProject
Global
	GlobalSection(SolutionConfigurationPlatforms) = preSolution
		Ad-Hoc|Any CPU = Ad-Hoc|Any CPU
		Ad-Hoc|ARM = Ad-Hoc|ARM
		Ad-Hoc|iPhone = Ad-Hoc|iPhone
		Ad-Hoc|iPhoneSimulator = Ad-Hoc|iPhoneSimulator
		Ad-Hoc|x86 = Ad-Hoc|x86
		AppStore|Any CPU = AppStore|Any CPU
		AppStore|ARM = AppStore|ARM
		AppStore|iPhone = AppStore|iPhone
		AppStore|iPhoneSimulator = AppStore|iPhoneSimulator
		AppStore|x86 = AppStore|x86
		Debug|Any CPU = Debug|Any CPU
		Debug|ARM = Debug|ARM
		Debug|iPhone = Debug|iPhone
		Debug|iPhoneSimulator = Debug|iPhoneSimulator
		Debug|x86 = Debug|x86
		Release|Any CPU = Release|Any CPU
		Release|ARM = Release|ARM
		Release|iPhone = Release|iPhone
		Release|iPhoneSimulator = Release|iPhoneSimulator
		Release|x86 = Release|x86
	EndGlobalSection
	GlobalSection(ProjectConfigurationPlatforms) = postSolution
		{46752E4C-340C-4F33-873F-F2E7102B92F2}.Ad-Hoc|Any CPU.ActiveCfg = Release|Any CPU
		{46752E4C-340C-4F33-873F-F2E7102B92F2}.Ad-Hoc|Any CPU.Build.0 = Release|Any CPU
		{46752E4C-340C-4F33-873F-F2E7102B92F2}.Ad-Hoc|Any CPU.Deploy.0 = Release|Any CPU
		{46752E4C-340C-4F33-873F-F2E7102B92F2}.Ad-Hoc|ARM.ActiveCfg = Release|Any CPU
		{46752E4C-340C-4F33-873F-F2E7102B92F2}.Ad-Hoc|ARM.Build.0 = Release|Any CPU
		{46752E4C-340C-4F33-873F-F2E7102B92F2}.Ad-Hoc|ARM.Deploy.0 = Release|Any CPU
		{46752E4C-340C-4F33-873F-F2E7102B92F2}.Ad-Hoc|iPhone.ActiveCfg = Release|Any CPU
		{46752E4C-340C-4F33-873F-F2E7102B92F2}.Ad-Hoc|iPhone.Build.0 = Release|Any CPU
		{46752E4C-340C-4F33-873F-F2E7102B92F2}.Ad-Hoc|iPhone.Deploy.0 = Release|Any CPU
		{46752E4C-340C-4F33-873F-F2E7102B92F2}.Ad-Hoc|iPhoneSimulator.ActiveCfg = Release|Any CPU
		{46752E4C-340C-4F33-873F-F2E7102B92F2}.Ad-Hoc|iPhoneSimulator.Build.0 = Release|Any CPU
		{46752E4C-340C-4F33-873F-F2E7102B92F2}.Ad-Hoc|iPhoneSimulator.Deploy.0 = Release|Any CPU
		{46752E4C-340C-4F33-873F-F2E7102B92F2}.Ad-Hoc|x86.ActiveCfg = Release|Any CPU
		{46752E4C-340C-4F33-873F-F2E7102B92F2}.Ad-Hoc|x86.Build.0 = Release|Any CPU
		{46752E4C-340C-4F33-873F-F2E7102B92F2}.Ad-Hoc|x86.Deploy.0 = Release|Any CPU
		{46752E4C-340C-4F33-873F-F2E7102B92F2}.AppStore|Any CPU.ActiveCfg = Release|Any CPU
		{46752E4C-340C-4F33-873F-F2E7102B92F2}.AppStore|Any CPU.Build.0 = Release|Any CPU
		{46752E4C-340C-4F33-873F-F2E7102B92F2}.AppStore|Any CPU.Deploy.0 = Release|Any CPU
		{46752E4C-340C-4F33-873F-F2E7102B92F2}.AppStore|ARM.ActiveCfg = Release|Any CPU
		{46752E4C-340C-4F33-873F-F2E7102B92F2}.AppStore|ARM.Build.0 = Release|Any CPU
		{46752E4C-340C-4F33-873F-F2E7102B92F2}.AppStore|ARM.Deploy.0 = Release|Any CPU
		{46752E4C-340C-4F33-873F-F2E7102B92F2}.AppStore|iPhone.ActiveCfg = Release|Any CPU
		{46752E4C-340C-4F33-873F-F2E7102B92F2}.AppStore|iPhone.Build.0 = Release|Any CPU
		{46752E4C-340C-4F33-873F-F2E7102B92F2}.AppStore|iPhone.Deploy.0 = Release|Any CPU
		{46752E4C-340C-4F33-873F-F2E7102B92F2}.AppStore|iPhoneSimulator.ActiveCfg = Release|Any CPU
		{46752E4C-340C-4F33-873F-F2E7102B92F2}.AppStore|iPhoneSimulator.Build.0 = Release|Any CPU
		{46752E4C-340C-4F33-873F-F2E7102B92F2}.AppStore|iPhoneSimulator.Deploy.0 = Release|Any CPU
		{46752E4C-340C-4F33-873F-F2E7102B92F2}.AppStore|x86.ActiveCfg = Release|Any CPU
		{46752E4C-340C-4F33-873F-F2E7102B92F2}.AppStore|x86.Build.0 = Release|Any CPU
		{46752E4C-340C-4F33-873F-F2E7102B92F2}.AppStore|x86.Deploy.0 = Release|Any CPU
		{46752E4C-340C-4F33-873F-F2E7102B92F2}.Debug|Any CPU.ActiveCfg = Debug|Any CPU
		{46752E4C-340C-4F33-873F-F2E7102B92F2}.Debug|Any CPU.Build.0 = Debug|Any CPU
		{46752E4C-340C-4F33-873F-F2E7102B92F2}.Debug|Any CPU.Deploy.0 = Debug|Any CPU
		{46752E4C-340C-4F33-873F-F2E7102B92F2}.Debug|ARM.ActiveCfg = Debug|Any CPU
		{46752E4C-340C-4F33-873F-F2E7102B92F2}.Debug|ARM.Build.0 = Debug|Any CPU
		{46752E4C-340C-4F33-873F-F2E7102B92F2}.Debug|ARM.Deploy.0 = Debug|Any CPU
		{46752E4C-340C-4F33-873F-F2E7102B92F2}.Debug|iPhone.ActiveCfg = Debug|Any CPU
		{46752E4C-340C-4F33-873F-F2E7102B92F2}.Debug|iPhone.Build.0 = Debug|Any CPU
		{46752E4C-340C-4F33-873F-F2E7102B92F2}.Debug|iPhone.Deploy.0 = Debug|Any CPU
		{46752E4C-340C-4F33-873F-F2E7102B92F2}.Debug|iPhoneSimulator.ActiveCfg = Debug|Any CPU
		{46752E4C-340C-4F33-873F-F2E7102B92F2}.Debug|iPhoneSimulator.Build.0 = Debug|Any CPU
		{46752E4C-340C-4F33-873F-F2E7102B92F2}.Debug|iPhoneSimulator.Deploy.0 = Debug|Any CPU
		{46752E4C-340C-4F33-873F-F2E7102B92F2}.Debug|x86.ActiveCfg = Debug|Any CPU
		{46752E4C-340C-4F33-873F-F2E7102B92F2}.Debug|x86.Build.0 = Debug|Any CPU
		{46752E4C-340C-4F33-873F-F2E7102B92F2}.Debug|x86.Deploy.0 = Debug|Any CPU
		{46752E4C-340C-4F33-873F-F2E7102B92F2}.Release|Any CPU.ActiveCfg = Release|Any CPU
		{46752E4C-340C-4F33-873F-F2E7102B92F2}.Release|Any CPU.Build.0 = Release|Any CPU
		{46752E4C-340C-4F33-873F-F2E7102B92F2}.Release|Any CPU.Deploy.0 = Release|Any CPU
		{46752E4C-340C-4F33-873F-F2E7102B92F2}.Release|ARM.ActiveCfg = Release|Any CPU
		{46752E4C-340C-4F33-873F-F2E7102B92F2}.Release|ARM.Build.0 = Release|Any CPU
		{46752E4C-340C-4F33-873F-F2E7102B92F2}.Release|ARM.Deploy.0 = Release|Any CPU
		{46752E4C-340C-4F33-873F-F2E7102B92F2}.Release|iPhone.ActiveCfg = Release|Any CPU
		{46752E4C-340C-4F33-873F-F2E7102B92F2}.Release|iPhone.Build.0 = Release|Any CPU
		{46752E4C-340C-4F33-873F-F2E7102B92F2}.Release|iPhone.Deploy.0 = Release|Any CPU
		{46752E4C-340C-4F33-873F-F2E7102B92F2}.Release|iPhoneSimulator.ActiveCfg = Release|Any CPU
		{46752E4C-340C-4F33-873F-F2E7102B92F2}.Release|iPhoneSimulator.Build.0 = Release|Any CPU
		{46752E4C-340C-4F33-873F-F2E7102B92F2}.Release|iPhoneSimulator.Deploy.0 = Release|Any CPU
		{46752E4C-340C-4F33-873F-F2E7102B92F2}.Release|x86.ActiveCfg = Release|Any CPU
		{46752E4C-340C-4F33-873F-F2E7102B92F2}.Release|x86.Build.0 = Release|Any CPU
		{46752E4C-340C-4F33-873F-F2E7102B92F2}.Release|x86.Deploy.0 = Release|Any CPU
		{4DDCC040-3D9F-48CB-B26F-88730F51D51D}.Ad-Hoc|Any CPU.ActiveCfg = Ad-Hoc|iPhone
		{4DDCC040-3D9F-48CB-B26F-88730F51D51D}.Ad-Hoc|ARM.ActiveCfg = Ad-Hoc|iPhone
		{4DDCC040-3D9F-48CB-B26F-88730F51D51D}.Ad-Hoc|iPhone.ActiveCfg = Ad-Hoc|iPhone
		{4DDCC040-3D9F-48CB-B26F-88730F51D51D}.Ad-Hoc|iPhone.Build.0 = Ad-Hoc|iPhone
		{4DDCC040-3D9F-48CB-B26F-88730F51D51D}.Ad-Hoc|iPhoneSimulator.ActiveCfg = Ad-Hoc|iPhoneSimulator
		{4DDCC040-3D9F-48CB-B26F-88730F51D51D}.Ad-Hoc|iPhoneSimulator.Build.0 = Ad-Hoc|iPhoneSimulator
		{4DDCC040-3D9F-48CB-B26F-88730F51D51D}.Ad-Hoc|x86.ActiveCfg = Ad-Hoc|iPhone
		{4DDCC040-3D9F-48CB-B26F-88730F51D51D}.AppStore|Any CPU.ActiveCfg = AppStore|iPhone
		{4DDCC040-3D9F-48CB-B26F-88730F51D51D}.AppStore|ARM.ActiveCfg = AppStore|iPhone
		{4DDCC040-3D9F-48CB-B26F-88730F51D51D}.AppStore|iPhone.ActiveCfg = AppStore|iPhone
		{4DDCC040-3D9F-48CB-B26F-88730F51D51D}.AppStore|iPhone.Build.0 = AppStore|iPhone
		{4DDCC040-3D9F-48CB-B26F-88730F51D51D}.AppStore|iPhoneSimulator.ActiveCfg = AppStore|iPhoneSimulator
		{4DDCC040-3D9F-48CB-B26F-88730F51D51D}.AppStore|iPhoneSimulator.Build.0 = AppStore|iPhoneSimulator
		{4DDCC040-3D9F-48CB-B26F-88730F51D51D}.AppStore|x86.ActiveCfg = AppStore|iPhone
		{4DDCC040-3D9F-48CB-B26F-88730F51D51D}.Debug|Any CPU.ActiveCfg = Debug|iPhone
		{4DDCC040-3D9F-48CB-B26F-88730F51D51D}.Debug|ARM.ActiveCfg = Debug|iPhone
		{4DDCC040-3D9F-48CB-B26F-88730F51D51D}.Debug|iPhone.ActiveCfg = Debug|iPhone
		{4DDCC040-3D9F-48CB-B26F-88730F51D51D}.Debug|iPhone.Build.0 = Debug|iPhone
		{4DDCC040-3D9F-48CB-B26F-88730F51D51D}.Debug|iPhoneSimulator.ActiveCfg = Debug|iPhoneSimulator
		{4DDCC040-3D9F-48CB-B26F-88730F51D51D}.Debug|iPhoneSimulator.Build.0 = Debug|iPhoneSimulator
		{4DDCC040-3D9F-48CB-B26F-88730F51D51D}.Debug|x86.ActiveCfg = Debug|iPhone
		{4DDCC040-3D9F-48CB-B26F-88730F51D51D}.Release|Any CPU.ActiveCfg = Release|iPhone
		{4DDCC040-3D9F-48CB-B26F-88730F51D51D}.Release|ARM.ActiveCfg = Release|iPhone
		{4DDCC040-3D9F-48CB-B26F-88730F51D51D}.Release|iPhone.ActiveCfg = Release|iPhone
		{4DDCC040-3D9F-48CB-B26F-88730F51D51D}.Release|iPhone.Build.0 = Release|iPhone
		{4DDCC040-3D9F-48CB-B26F-88730F51D51D}.Release|iPhoneSimulator.ActiveCfg = Release|iPhoneSimulator
		{4DDCC040-3D9F-48CB-B26F-88730F51D51D}.Release|iPhoneSimulator.Build.0 = Release|iPhoneSimulator
		{4DDCC040-3D9F-48CB-B26F-88730F51D51D}.Release|x86.ActiveCfg = Release|iPhone
		{DB333837-4379-4238-A859-B2F409F42DAA}.Ad-Hoc|Any CPU.ActiveCfg = Release|Any CPU
		{DB333837-4379-4238-A859-B2F409F42DAA}.Ad-Hoc|Any CPU.Build.0 = Release|Any CPU
		{DB333837-4379-4238-A859-B2F409F42DAA}.Ad-Hoc|Any CPU.Deploy.0 = Release|Any CPU
		{DB333837-4379-4238-A859-B2F409F42DAA}.Ad-Hoc|ARM.ActiveCfg = Release|ARM
		{DB333837-4379-4238-A859-B2F409F42DAA}.Ad-Hoc|ARM.Build.0 = Release|ARM
		{DB333837-4379-4238-A859-B2F409F42DAA}.Ad-Hoc|ARM.Deploy.0 = Release|ARM
		{DB333837-4379-4238-A859-B2F409F42DAA}.Ad-Hoc|iPhone.ActiveCfg = Release|Any CPU
		{DB333837-4379-4238-A859-B2F409F42DAA}.Ad-Hoc|iPhone.Build.0 = Release|Any CPU
		{DB333837-4379-4238-A859-B2F409F42DAA}.Ad-Hoc|iPhone.Deploy.0 = Release|Any CPU
		{DB333837-4379-4238-A859-B2F409F42DAA}.Ad-Hoc|iPhoneSimulator.ActiveCfg = Release|Any CPU
		{DB333837-4379-4238-A859-B2F409F42DAA}.Ad-Hoc|iPhoneSimulator.Build.0 = Release|Any CPU
		{DB333837-4379-4238-A859-B2F409F42DAA}.Ad-Hoc|iPhoneSimulator.Deploy.0 = Release|Any CPU
		{DB333837-4379-4238-A859-B2F409F42DAA}.Ad-Hoc|x86.ActiveCfg = Release|x86
		{DB333837-4379-4238-A859-B2F409F42DAA}.Ad-Hoc|x86.Build.0 = Release|x86
		{DB333837-4379-4238-A859-B2F409F42DAA}.Ad-Hoc|x86.Deploy.0 = Release|x86
		{DB333837-4379-4238-A859-B2F409F42DAA}.AppStore|Any CPU.ActiveCfg = Release|Any CPU
		{DB333837-4379-4238-A859-B2F409F42DAA}.AppStore|Any CPU.Build.0 = Release|Any CPU
		{DB333837-4379-4238-A859-B2F409F42DAA}.AppStore|Any CPU.Deploy.0 = Release|Any CPU
		{DB333837-4379-4238-A859-B2F409F42DAA}.AppStore|ARM.ActiveCfg = Release|ARM
		{DB333837-4379-4238-A859-B2F409F42DAA}.AppStore|ARM.Build.0 = Release|ARM
		{DB333837-4379-4238-A859-B2F409F42DAA}.AppStore|ARM.Deploy.0 = Release|ARM
		{DB333837-4379-4238-A859-B2F409F42DAA}.AppStore|iPhone.ActiveCfg = Release|Any CPU
		{DB333837-4379-4238-A859-B2F409F42DAA}.AppStore|iPhone.Build.0 = Release|Any CPU
		{DB333837-4379-4238-A859-B2F409F42DAA}.AppStore|iPhone.Deploy.0 = Release|Any CPU
		{DB333837-4379-4238-A859-B2F409F42DAA}.AppStore|iPhoneSimulator.ActiveCfg = Release|Any CPU
		{DB333837-4379-4238-A859-B2F409F42DAA}.AppStore|iPhoneSimulator.Build.0 = Release|Any CPU
		{DB333837-4379-4238-A859-B2F409F42DAA}.AppStore|iPhoneSimulator.Deploy.0 = Release|Any CPU
		{DB333837-4379-4238-A859-B2F409F42DAA}.AppStore|x86.ActiveCfg = Release|x86
		{DB333837-4379-4238-A859-B2F409F42DAA}.AppStore|x86.Build.0 = Release|x86
		{DB333837-4379-4238-A859-B2F409F42DAA}.AppStore|x86.Deploy.0 = Release|x86
		{DB333837-4379-4238-A859-B2F409F42DAA}.Debug|Any CPU.ActiveCfg = Debug|Any CPU
		{DB333837-4379-4238-A859-B2F409F42DAA}.Debug|Any CPU.Build.0 = Debug|Any CPU
		{DB333837-4379-4238-A859-B2F409F42DAA}.Debug|Any CPU.Deploy.0 = Debug|Any CPU
		{DB333837-4379-4238-A859-B2F409F42DAA}.Debug|ARM.ActiveCfg = Debug|ARM
		{DB333837-4379-4238-A859-B2F409F42DAA}.Debug|ARM.Build.0 = Debug|ARM
		{DB333837-4379-4238-A859-B2F409F42DAA}.Debug|ARM.Deploy.0 = Debug|ARM
		{DB333837-4379-4238-A859-B2F409F42DAA}.Debug|iPhone.ActiveCfg = Debug|Any CPU
		{DB333837-4379-4238-A859-B2F409F42DAA}.Debug|iPhone.Build.0 = Debug|Any CPU
		{DB333837-4379-4238-A859-B2F409F42DAA}.Debug|iPhone.Deploy.0 = Debug|Any CPU
		{DB333837-4379-4238-A859-B2F409F42DAA}.Debug|iPhoneSimulator.ActiveCfg = Debug|Any CPU
		{DB333837-4379-4238-A859-B2F409F42DAA}.Debug|iPhoneSimulator.Build.0 = Debug|Any CPU
		{DB333837-4379-4238-A859-B2F409F42DAA}.Debug|iPhoneSimulator.Deploy.0 = Debug|Any CPU
		{DB333837-4379-4238-A859-B2F409F42DAA}.Debug|x86.ActiveCfg = Debug|x86
		{DB333837-4379-4238-A859-B2F409F42DAA}.Debug|x86.Build.0 = Debug|x86
		{DB333837-4379-4238-A859-B2F409F42DAA}.Debug|x86.Deploy.0 = Debug|x86
		{DB333837-4379-4238-A859-B2F409F42DAA}.Release|Any CPU.ActiveCfg = Release|Any CPU
		{DB333837-4379-4238-A859-B2F409F42DAA}.Release|Any CPU.Build.0 = Release|Any CPU
		{DB333837-4379-4238-A859-B2F409F42DAA}.Release|Any CPU.Deploy.0 = Release|Any CPU
		{DB333837-4379-4238-A859-B2F409F42DAA}.Release|ARM.ActiveCfg = Release|ARM
		{DB333837-4379-4238-A859-B2F409F42DAA}.Release|ARM.Build.0 = Release|ARM
		{DB333837-4379-4238-A859-B2F409F42DAA}.Release|ARM.Deploy.0 = Release|ARM
		{DB333837-4379-4238-A859-B2F409F42DAA}.Release|iPhone.ActiveCfg = Release|Any CPU
		{DB333837-4379-4238-A859-B2F409F42DAA}.Release|iPhone.Build.0 = Release|Any CPU
		{DB333837-4379-4238-A859-B2F409F42DAA}.Release|iPhone.Deploy.0 = Release|Any CPU
		{DB333837-4379-4238-A859-B2F409F42DAA}.Release|iPhoneSimulator.ActiveCfg = Release|Any CPU
		{DB333837-4379-4238-A859-B2F409F42DAA}.Release|iPhoneSimulator.Build.0 = Release|Any CPU
		{DB333837-4379-4238-A859-B2F409F42DAA}.Release|iPhoneSimulator.Deploy.0 = Release|Any CPU
		{DB333837-4379-4238-A859-B2F409F42DAA}.Release|x86.ActiveCfg = Release|x86
		{DB333837-4379-4238-A859-B2F409F42DAA}.Release|x86.Build.0 = Release|x86
		{DB333837-4379-4238-A859-B2F409F42DAA}.Release|x86.Deploy.0 = Release|x86
		{EDD0A952-AD79-41BB-A06F-1AB3FF025631}.Ad-Hoc|Any CPU.ActiveCfg = Release|Any CPU
		{EDD0A952-AD79-41BB-A06F-1AB3FF025631}.Ad-Hoc|Any CPU.Build.0 = Release|Any CPU
		{EDD0A952-AD79-41BB-A06F-1AB3FF025631}.Ad-Hoc|ARM.ActiveCfg = Release|Any CPU
		{EDD0A952-AD79-41BB-A06F-1AB3FF025631}.Ad-Hoc|ARM.Build.0 = Release|Any CPU
		{EDD0A952-AD79-41BB-A06F-1AB3FF025631}.Ad-Hoc|iPhone.ActiveCfg = Release|Any CPU
		{EDD0A952-AD79-41BB-A06F-1AB3FF025631}.Ad-Hoc|iPhone.Build.0 = Release|Any CPU
		{EDD0A952-AD79-41BB-A06F-1AB3FF025631}.Ad-Hoc|iPhoneSimulator.ActiveCfg = Release|Any CPU
		{EDD0A952-AD79-41BB-A06F-1AB3FF025631}.Ad-Hoc|iPhoneSimulator.Build.0 = Release|Any CPU
		{EDD0A952-AD79-41BB-A06F-1AB3FF025631}.Ad-Hoc|x86.ActiveCfg = Release|Any CPU
		{EDD0A952-AD79-41BB-A06F-1AB3FF025631}.Ad-Hoc|x86.Build.0 = Release|Any CPU
		{EDD0A952-AD79-41BB-A06F-1AB3FF025631}.AppStore|Any CPU.ActiveCfg = Release|Any CPU
		{EDD0A952-AD79-41BB-A06F-1AB3FF025631}.AppStore|Any CPU.Build.0 = Release|Any CPU
		{EDD0A952-AD79-41BB-A06F-1AB3FF025631}.AppStore|ARM.ActiveCfg = Release|Any CPU
		{EDD0A952-AD79-41BB-A06F-1AB3FF025631}.AppStore|ARM.Build.0 = Release|Any CPU
		{EDD0A952-AD79-41BB-A06F-1AB3FF025631}.AppStore|iPhone.ActiveCfg = Release|Any CPU
		{EDD0A952-AD79-41BB-A06F-1AB3FF025631}.AppStore|iPhone.Build.0 = Release|Any CPU
		{EDD0A952-AD79-41BB-A06F-1AB3FF025631}.AppStore|iPhoneSimulator.ActiveCfg = Release|Any CPU
		{EDD0A952-AD79-41BB-A06F-1AB3FF025631}.AppStore|iPhoneSimulator.Build.0 = Release|Any CPU
		{EDD0A952-AD79-41BB-A06F-1AB3FF025631}.AppStore|x86.ActiveCfg = Release|Any CPU
		{EDD0A952-AD79-41BB-A06F-1AB3FF025631}.AppStore|x86.Build.0 = Release|Any CPU
		{EDD0A952-AD79-41BB-A06F-1AB3FF025631}.Debug|Any CPU.ActiveCfg = Debug|Any CPU
		{EDD0A952-AD79-41BB-A06F-1AB3FF025631}.Debug|Any CPU.Build.0 = Debug|Any CPU
		{EDD0A952-AD79-41BB-A06F-1AB3FF025631}.Debug|ARM.ActiveCfg = Debug|Any CPU
		{EDD0A952-AD79-41BB-A06F-1AB3FF025631}.Debug|ARM.Build.0 = Debug|Any CPU
		{EDD0A952-AD79-41BB-A06F-1AB3FF025631}.Debug|iPhone.ActiveCfg = Debug|Any CPU
		{EDD0A952-AD79-41BB-A06F-1AB3FF025631}.Debug|iPhone.Build.0 = Debug|Any CPU
		{EDD0A952-AD79-41BB-A06F-1AB3FF025631}.Debug|iPhoneSimulator.ActiveCfg = Debug|Any CPU
		{EDD0A952-AD79-41BB-A06F-1AB3FF025631}.Debug|iPhoneSimulator.Build.0 = Debug|Any CPU
		{EDD0A952-AD79-41BB-A06F-1AB3FF025631}.Debug|x86.ActiveCfg = Debug|Any CPU
		{EDD0A952-AD79-41BB-A06F-1AB3FF025631}.Debug|x86.Build.0 = Debug|Any CPU
		{EDD0A952-AD79-41BB-A06F-1AB3FF025631}.Release|Any CPU.ActiveCfg = Release|Any CPU
		{EDD0A952-AD79-41BB-A06F-1AB3FF025631}.Release|Any CPU.Build.0 = Release|Any CPU
		{EDD0A952-AD79-41BB-A06F-1AB3FF025631}.Release|ARM.ActiveCfg = Release|Any CPU
		{EDD0A952-AD79-41BB-A06F-1AB3FF025631}.Release|ARM.Build.0 = Release|Any CPU
		{EDD0A952-AD79-41BB-A06F-1AB3FF025631}.Release|iPhone.ActiveCfg = Release|Any CPU
		{EDD0A952-AD79-41BB-A06F-1AB3FF025631}.Release|iPhone.Build.0 = Release|Any CPU
		{EDD0A952-AD79-41BB-A06F-1AB3FF025631}.Release|iPhoneSimulator.ActiveCfg = Release|Any CPU
		{EDD0A952-AD79-41BB-A06F-1AB3FF025631}.Release|iPhoneSimulator.Build.0 = Release|Any CPU
		{EDD0A952-AD79-41BB-A06F-1AB3FF025631}.Release|x86.ActiveCfg = Release|Any CPU
		{EDD0A952-AD79-41BB-A06F-1AB3FF025631}.Release|x86.Build.0 = Release|Any CPU
	EndGlobalSection
	GlobalSection(SolutionProperties) = preSolution
		HideSolutionNode = FALSE
	EndGlobalSection
EndGlobal
